// !$*UTF8*$!
{
	archiveVersion = 1;
	classes = {
	};
	objectVersion = 46;
	objects = {

/* Begin PBXBuildFile section */
		7162E5B51C5A9062001D3DCB /* AppDelegate.swift in Sources */ = {isa = PBXBuildFile; fileRef = 7162E5B41C5A9062001D3DCB /* AppDelegate.swift */; };
		7162E5B71C5A9062001D3DCB /* ViewController.swift in Sources */ = {isa = PBXBuildFile; fileRef = 7162E5B61C5A9062001D3DCB /* ViewController.swift */; };
		7162E5BA1C5A9062001D3DCB /* Main.storyboard in Resources */ = {isa = PBXBuildFile; fileRef = 7162E5B81C5A9062001D3DCB /* Main.storyboard */; };
		7162E5BC1C5A9062001D3DCB /* Assets.xcassets in Resources */ = {isa = PBXBuildFile; fileRef = 7162E5BB1C5A9062001D3DCB /* Assets.xcassets */; };
		7162E5BF1C5A9062001D3DCB /* LaunchScreen.storyboard in Resources */ = {isa = PBXBuildFile; fileRef = 7162E5BD1C5A9062001D3DCB /* LaunchScreen.storyboard */; };
/* End PBXBuildFile section */

/* Begin PBXFileReference section */
		7162E5B11C5A9062001D3DCB /* TableViews.app */ = {isa = PBXFileReference; explicitFileType = wrapper.application; includeInIndex = 0; path = TableViews.app; sourceTree = BUILT_PRODUCTS_DIR; };
		7162E5B41C5A9062001D3DCB /* AppDelegate.swift */ = {isa = PBXFileReference; lastKnownFileType = sourcecode.swift; path = AppDelegate.swift; sourceTree = "<group>"; };
		7162E5B61C5A9062001D3DCB /* ViewController.swift */ = {isa = PBXFileReference; lastKnownFileType = sourcecode.swift; path = ViewController.swift; sourceTree = "<group>"; };
		7162E5B91C5A9062001D3DCB /* Base */ = {isa = PBXFileReference; lastKnownFileType = file.storyboard; name = Base; path = Base.lproj/Main.storyboard; sourceTree = "<group>"; };
		7162E5BB1C5A9062001D3DCB /* Assets.xcassets */ = {isa = PBXFileReference; lastKnownFileType = folder.assetcatalog; path = Assets.xcassets; sourceTree = "<group>"; };
		7162E5BE1C5A9062001D3DCB /* Base */ = {isa = PBXFileReference; lastKnownFileType = file.storyboard; name = Base; path = Base.lproj/LaunchScreen.storyboard; sourceTree = "<group>"; };
		7162E5C01C5A9062001D3DCB /* Info.plist */ = {isa = PBXFileReference; lastKnownFileType = text.plist.xml; path = Info.plist; sourceTree = "<group>"; };
/* End PBXFileReference section */

/* Begin PBXFrameworksBuildPhase section */
		7162E5AE1C5A9062001D3DCB /* Frameworks */ = {
			isa = PBXFrameworksBuildPhase;
			buildActionMask = 2147483647;
			files = (
			);
			runOnlyForDeploymentPostprocessing = 0;
		};
/* End PBXFrameworksBuildPhase section */

/* Begin PBXGroup section */
		7162E5A81C5A9062001D3DCB = {
			isa = PBXGroup;
			children = (
				7162E5B31C5A9062001D3DCB /* TableViews */,
				7162E5B21C5A9062001D3DCB /* Products */,
			);
			sourceTree = "<group>";
		};
		7162E5B21C5A9062001D3DCB /* Products */ = {
			isa = PBXGroup;
			children = (
				7162E5B11C5A9062001D3DCB /* TableViews.app */,
			);
			name = Products;
			sourceTree = "<group>";
		};
		7162E5B31C5A9062001D3DCB /* TableViews */ = {
			isa = PBXGroup;
			children = (
				7162E5B41C5A9062001D3DCB /* AppDelegate.swift */,
				7162E5B61C5A9062001D3DCB /* ViewController.swift */,
				7162E5B81C5A9062001D3DCB /* Main.storyboard */,
				7162E5BB1C5A9062001D3DCB /* Assets.xcassets */,
				7162E5BD1C5A9062001D3DCB /* LaunchScreen.storyboard */,
				7162E5C01C5A9062001D3DCB /* Info.plist */,
			);
			path = TableViews;
			sourceTree = "<group>";
		};
/* End PBXGroup section */

/* Begin PBXNativeTarget section */
		7162E5B01C5A9062001D3DCB /* TableViews */ = {
			isa = PBXNativeTarget;
			buildConfigurationList = 7162E5C31C5A9062001D3DCB /* Build configuration list for PBXNativeTarget "TableViews" */;
			buildPhases = (
				7162E5AD1C5A9062001D3DCB /* Sources */,
				7162E5AE1C5A9062001D3DCB /* Frameworks */,
				7162E5AF1C5A9062001D3DCB /* Resources */,
			);
			buildRules = (
			);
			dependencies = (
			);
			name = TableViews;
			productName = TableViews;
			productReference = 7162E5B11C5A9062001D3DCB /* TableViews.app */;
			productType = "com.apple.product-type.application";
		};
/* End PBXNativeTarget section */

/* Begin PBXProject section */
		7162E5A91C5A9062001D3DCB /* Project object */ = {
			isa = PBXProject;
			attributes = {
				LastSwiftUpdateCheck = 0720;
				LastUpgradeCheck = 0720;
				ORGANIZATIONNAME = Mohak;
				TargetAttributes = {
					7162E5B01C5A9062001D3DCB = {
						CreatedOnToolsVersion = 7.2;
					};
				};
			};
			buildConfigurationList = 7162E5AC1C5A9062001D3DCB /* Build configuration list for PBXProject "TableViews" */;
			compatibilityVersion = "Xcode 3.2";
			developmentRegion = English;
			hasScannedForEncodings = 0;
			knownRegions = (
				en,
				Base,
			);
			mainGroup = 7162E5A81C5A9062001D3DCB;
			productRefGroup = 7162E5B21C5A9062001D3DCB /* Products */;
			projectDirPath = "";
			projectRoot = "";
			targets = (
				7162E5B01C5A9062001D3DCB /* TableViews */,
			);
		};
/* End PBXProject section */

/* Begin PBXResourcesBuildPhase section */
		7162E5AF1C5A9062001D3DCB /* Resources */ = {
			isa = PBXResourcesBuildPhase;
			buildActionMask = 2147483647;
			files = (
				7162E5BF1C5A9062001D3DCB /* LaunchScreen.storyboard in Resources */,
				7162E5BC1C5A9062001D3DCB /* Assets.xcassets in Resources */,
				7162E5BA1C5A9062001D3DCB /* Main.storyboard in Resources */,
			);
			runOnlyForDeploymentPostprocessing = 0;
		};
/* End PBXResourcesBuildPhase section */

/* Begin PBXSourcesBuildPhase section */
		7162E5AD1C5A9062001D3DCB /* Sources */ = {
			isa = PBXSourcesBuildPhase;
			buildActionMask = 2147483647;
			files = (
				7162E5B71C5A9062001D3DCB /* ViewController.swift in Sources */,
				7162E5B51C5A9062001D3DCB /* AppDelegate.swift in Sources */,
			);
			runOnlyForDeploymentPostprocessing = 0;
		};
/* End PBXSourcesBuildPhase section */

/* Begin PBXVariantGroup section */
		7162E5B81C5A9062001D3DCB /* Main.storyboard */ = {
			isa = PBXVariantGroup;
			children = (
				7162E5B91C5A9062001D3DCB /* Base */,
			);
			name = Main.storyboard;
			sourceTree = "<group>";
		};
		7162E5BD1C5A9062001D3DCB /* LaunchScreen.storyboard */ = {
			isa = PBXVariantGroup;
			children = (
				7162E5BE1C5A9062001D3DCB /* Base */,
			);
			name = LaunchScreen.storyboard;
			sourceTree = "<group>";
		};
/* End PBXVariantGroup section */

/* Begin XCBuildConfiguration section */
		7162E5C11C5A9062001D3DCB /* Debug */ = {
			isa = XCBuildConfiguration;
			buildSettings = {
				ALWAYS_SEARCH_USER_PATHS = NO;
				CLANG_CXX_LANGUAGE_STANDARD = "gnu++0x";
				CLANG_CXX_LIBRARY = "libc++";
				CLANG_ENABLE_MODULES = YES;
				CLANG_ENABLE_OBJC_ARC = YES;
				CLANG_WARN_BOOL_CONVERSION = YES;
				CLANG_WARN_CONSTANT_CONVERSION = YES;
				CLANG_WARN_DIRECT_OBJC_ISA_USAGE = YES_ERROR;
				CLANG_WARN_EMPTY_BODY = YES;
				CLANG_WARN_ENUM_CONVERSION = YES;
				CLANG_WARN_INT_CONVERSION = YES;
				CLANG_WARN_OBJC_ROOT_CLASS = YES_ERROR;
				CLANG_WARN_UNREACHABLE_CODE = YES;
				CLANG_WARN__DUPLICATE_METHOD_MATCH = YES;
				"CODE_SIGN_IDENTITY[sdk=iphoneos*]" = "iPhone Developer";
				COPY_PHASE_STRIP = NO;
				DEBUG_INFORMATION_FORMAT = dwarf;
				ENABLE_STRICT_OBJC_MSGSEND = YES;
				ENABLE_TESTABILITY = YES;
				GCC_C_LANGUAGE_STANDARD = gnu99;
				GCC_DYNAMIC_NO_PIC = NO;
				GCC_NO_COMMON_BLOCKS = YES;
				GCC_OPTIMIZATION_LEVEL = 0;
				GCC_PREPROCESSOR_DEFINITIONS = (
					"DEBUG=1",
					"$(inherited)",
				);
				GCC_WARN_64_TO_32_BIT_CONVERSION = YES;
				GCC_WARN_ABOUT_RETURN_TYPE = YES_ERROR;
				GCC_WARN_UNDECLARED_SELECTOR = YES;
				GCC_WARN_UNINITIALIZED_AUTOS = YES_AGGRESSIVE;
				GCC_WARN_UNUSED_FUNCTION = YES;
				GCC_WARN_UNUSED_VARIABLE = YES;
				IPHONEOS_DEPLOYMENT_TARGET = 9.2;
				MTL_ENABLE_DEBUG_INFO = YES;
				ONLY_ACTIVE_ARCH = YES;
				SDKROOT = iphoneos;
				SWIFT_OPTIMIZATION_LEVEL = "-Onone";
			};
			name = Debug;
		};
		7162E5C21C5A9062001D3DCB /* Release */ = {
			isa = XCBuildConfiguration;
			buildSettings = {
				ALWAYS_SEARCH_USER_PATHS = NO;
				CLANG_CXX_LANGUAGE_STANDARD = "gnu++0x";
				CLANG_CXX_LIBRARY = "libc++";
				CLANG_ENABLE_MODULES = YES;
				CLANG_ENABLE_OBJC_ARC = YES;
				CLANG_WARN_BOOL_CONVERSION = YES;
				CLANG_WARN_CONSTANT_CONVERSION = YES;
				CLANG_WARN_DIRECT_OBJC_ISA_USAGE = YES_ERROR;
				CLANG_WARN_EMPTY_BODY = YES;
				CLANG_WARN_ENUM_CONVERSION = YES;
				CLANG_WARN_INT_CONVERSION = YES;
				CLANG_WARN_OBJC_ROOT_CLASS = YES_ERROR;
				CLANG_WARN_UNREACHABLE_CODE = YES;
				CLANG_WARN__DUPLICATE_METHOD_MATCH = YES;
				"CODE_SIGN_IDENTITY[sdk=iphoneos*]" = "iPhone Developer";
				COPY_PHASE_STRIP = NO;
				DEBUG_INFORMATION_FORMAT = "dwarf-with-dsym";
				ENABLE_NS_ASSERTIONS = NO;
				ENABLE_STRICT_OBJC_MSGSEND = YES;
				GCC_C_LANGUAGE_STANDARD = gnu99;
				GCC_NO_COMMON_BLOCKS = YES;
				GCC_WARN_64_TO_32_BIT_CONVERSION = YES;
				GCC_WARN_ABOUT_RETURN_TYPE = YES_ERROR;
				GCC_WARN_UNDECLARED_SELECTOR = YES;
				GCC_WARN_UNINITIALIZED_AUTOS = YES_AGGRESSIVE;
				GCC_WARN_UNUSED_FUNCTION = YES;
				GCC_WARN_UNUSED_VARIABLE = YES;
				IPHONEOS_DEPLOYMENT_TARGET = 9.2;
				MTL_ENABLE_DEBUG_INFO = NO;
				SDKROOT = iphoneos;
				VALIDATE_PRODUCT = YES;
			};
			name = Release;
		};
		7162E5C41C5A9062001D3DCB /* Debug */ = {
			isa = XCBuildConfiguration;
			buildSettings = {
				ASSETCATALOG_COMPILER_APPICON_NAME = AppIcon;
				INFOPLIST_FILE = TableViews/Info.plist;
				LD_RUNPATH_SEARCH_PATHS = "$(inherited) @executable_path/Frameworks";
				PRODUCT_BUNDLE_IDENTIFIER = com.mohak.TableViews;
				PRODUCT_NAME = "$(TARGET_NAME)";
			};
			name = Debug;
		};
		7162E5C51C5A9062001D3DCB /* Release */ = {
			isa = XCBuildConfiguration;
			buildSettings = {
				ASSETCATALOG_COMPILER_APPICON_NAME = AppIcon;
				INFOPLIST_FILE = TableViews/Info.plist;
				LD_RUNPATH_SEARCH_PATHS = "$(inherited) @executable_path/Frameworks";
				PRODUCT_BUNDLE_IDENTIFIER = com.mohak.TableViews;
				PRODUCT_NAME = "$(TARGET_NAME)";
			};
			name = Release;
		};
/* End XCBuildConfiguration section */

/* Begin XCConfigurationList section */
		7162E5AC1C5A9062001D3DCB /* Build configuration list for PBXProject "TableViews" */ = {
			isa = XCConfigurationList;
			buildConfigurations = (
				7162E5C11C5A9062001D3DCB /* Debug */,
				7162E5C21C5A9062001D3DCB /* Release */,
			);
			defaultConfigurationIsVisible = 0;
			defaultConfigurationName = Release;
		};
		7162E5C31C5A9062001D3DCB /* Build configuration list for PBXNativeTarget "TableViews" */ = {
			isa = XCConfigurationList;
			buildConfigurations = (
				7162E5C41C5A9062001D3DCB /* Debug */,
				7162E5C51C5A9062001D3DCB /* Release */,
			);
			defaultConfigurationIsVisible = 0;
		};
/* End XCConfigurationList section */
	};
	rootObject = 7162E5A91C5A9062001D3DCB /* Project object */;
}
